
Microsoft Visual Studio Solution File, Format Version 12.00
# Visual Studio Version 17
VisualStudioVersion = 17.2.32602.215
MinimumVisualStudioVersion = 10.0.40219.1
Project("{888888A0-9F3D-457C-B088-3A5042F75D52}") = "ErrorHandling", "ErrorHandling.pyproj", "{1DD06753-50E4-46FF-826E-56BC82AA980D}"
EndProject
Global
	GlobalSection(SolutionConfigurationPlatforms) = preSolution
		Debug|Any CPU = Debug|Any CPU
		Release|Any CPU = Release|Any CPU
	EndGlobalSection
	GlobalSection(ProjectConfigurationPlatforms) = postSolution
		{1DD06753-50E4-46FF-826E-56BC82AA980D}.Debug|Any CPU.ActiveCfg = Debug|Any CPU
		{1DD06753-50E4-46FF-826E-56BC82AA980D}.Release|Any CPU.ActiveCfg = Release|Any CPU
	EndGlobalSection
	GlobalSection(SolutionProperties) = preSolution
		HideSolutionNode = FALSE
	EndGlobalSection
	GlobalSection(ExtensibilityGlobals) = postSolution
		SolutionGuid = {C8E665BB-3C2B-4537-A28D-E4F48A3E829D}
	EndGlobalSection
EndGlobal
