
Microsoft Visual Studio Solution File, Format Version 12.00
# Visual Studio Version 17
VisualStudioVersion = 17.2.32602.215
MinimumVisualStudioVersion = 10.0.40219.1
Project("{888888A0-9F3D-457C-B088-3A5042F75D52}") = "KendiModulum", "KendiModulum.pyproj", "{539C2D9A-D26F-4165-AE3F-94FE7AE70F4B}"
EndProject
Global
	GlobalSection(SolutionConfigurationPlatforms) = preSolution
		Debug|Any CPU = Debug|Any CPU
		Release|Any CPU = Release|Any CPU
	EndGlobalSection
	GlobalSection(ProjectConfigurationPlatforms) = postSolution
		{539C2D9A-D26F-4165-AE3F-94FE7AE70F4B}.Debug|Any CPU.ActiveCfg = Debug|Any CPU
		{539C2D9A-D26F-4165-AE3F-94FE7AE70F4B}.Release|Any CPU.ActiveCfg = Release|Any CPU
	EndGlobalSection
	GlobalSection(SolutionProperties) = preSolution
		HideSolutionNode = FALSE
	EndGlobalSection
	GlobalSection(ExtensibilityGlobals) = postSolution
		SolutionGuid = {5F1EBA89-8CCF-4FD0-A187-FA96DED632D5}
	EndGlobalSection
EndGlobal
