
Microsoft Visual Studio Solution File, Format Version 12.00
# Visual Studio Version 17
VisualStudioVersion = 17.2.32602.215
MinimumVisualStudioVersion = 10.0.40219.1
Project("{888888A0-9F3D-457C-B088-3A5042F75D52}") = "HataYonetimi_Ornekleri", "HataYonetimi_Ornekleri.pyproj", "{A66D19E4-1FA3-4147-A4A4-E1F88CB81778}"
EndProject
Global
	GlobalSection(SolutionConfigurationPlatforms) = preSolution
		Debug|Any CPU = Debug|Any CPU
		Release|Any CPU = Release|Any CPU
	EndGlobalSection
	GlobalSection(ProjectConfigurationPlatforms) = postSolution
		{A66D19E4-1FA3-4147-A4A4-E1F88CB81778}.Debug|Any CPU.ActiveCfg = Debug|Any CPU
		{A66D19E4-1FA3-4147-A4A4-E1F88CB81778}.Release|Any CPU.ActiveCfg = Release|Any CPU
	EndGlobalSection
	GlobalSection(SolutionProperties) = preSolution
		HideSolutionNode = FALSE
	EndGlobalSection
	GlobalSection(ExtensibilityGlobals) = postSolution
		SolutionGuid = {ECF4C73F-BE96-41C9-A707-405AA19DA996}
	EndGlobalSection
EndGlobal
