
Microsoft Visual Studio Solution File, Format Version 12.00
# Visual Studio Version 17
VisualStudioVersion = 17.2.32602.215
MinimumVisualStudioVersion = 10.0.40219.1
Project("{888888A0-9F3D-457C-B088-3A5042F75D52}") = "lambdaOrnekleri", "lambdaOrnekleri.pyproj", "{56F10A1E-8A9B-4F56-A5D2-24D80A817AAA}"
EndProject
Global
	GlobalSection(SolutionConfigurationPlatforms) = preSolution
		Debug|Any CPU = Debug|Any CPU
		Release|Any CPU = Release|Any CPU
	EndGlobalSection
	GlobalSection(ProjectConfigurationPlatforms) = postSolution
		{56F10A1E-8A9B-4F56-A5D2-24D80A817AAA}.Debug|Any CPU.ActiveCfg = Debug|Any CPU
		{56F10A1E-8A9B-4F56-A5D2-24D80A817AAA}.Release|Any CPU.ActiveCfg = Release|Any CPU
	EndGlobalSection
	GlobalSection(SolutionProperties) = preSolution
		HideSolutionNode = FALSE
	EndGlobalSection
	GlobalSection(ExtensibilityGlobals) = postSolution
		SolutionGuid = {838484E8-C546-405A-8BEE-EC767ADCC2AB}
	EndGlobalSection
EndGlobal
