
Microsoft Visual Studio Solution File, Format Version 12.00
# Visual Studio Version 17
VisualStudioVersion = 17.2.32602.215
MinimumVisualStudioVersion = 10.0.40219.1
Project("{888888A0-9F3D-457C-B088-3A5042F75D52}") = "InheritanceOrnek", "InheritanceOrnek.pyproj", "{69B5D3C3-7B51-4FE3-90EF-07AE8018A9D2}"
EndProject
Global
	GlobalSection(SolutionConfigurationPlatforms) = preSolution
		Debug|Any CPU = Debug|Any CPU
		Release|Any CPU = Release|Any CPU
	EndGlobalSection
	GlobalSection(ProjectConfigurationPlatforms) = postSolution
		{69B5D3C3-7B51-4FE3-90EF-07AE8018A9D2}.Debug|Any CPU.ActiveCfg = Debug|Any CPU
		{69B5D3C3-7B51-4FE3-90EF-07AE8018A9D2}.Release|Any CPU.ActiveCfg = Release|Any CPU
	EndGlobalSection
	GlobalSection(SolutionProperties) = preSolution
		HideSolutionNode = FALSE
	EndGlobalSection
	GlobalSection(ExtensibilityGlobals) = postSolution
		SolutionGuid = {0995DCD3-641C-490A-A084-9B723FD125FA}
	EndGlobalSection
EndGlobal
