
Microsoft Visual Studio Solution File, Format Version 12.00
# Visual Studio Version 17
VisualStudioVersion = 17.2.32602.215
MinimumVisualStudioVersion = 10.0.40219.1
Project("{888888A0-9F3D-457C-B088-3A5042F75D52}") = "SayiTahminOyunu", "SayiTahminOyunu.pyproj", "{87BCA7A3-D25D-454A-B807-BD2CF8B4EDA0}"
EndProject
Global
	GlobalSection(SolutionConfigurationPlatforms) = preSolution
		Debug|Any CPU = Debug|Any CPU
		Release|Any CPU = Release|Any CPU
	EndGlobalSection
	GlobalSection(ProjectConfigurationPlatforms) = postSolution
		{87BCA7A3-D25D-454A-B807-BD2CF8B4EDA0}.Debug|Any CPU.ActiveCfg = Debug|Any CPU
		{87BCA7A3-D25D-454A-B807-BD2CF8B4EDA0}.Release|Any CPU.ActiveCfg = Release|Any CPU
	EndGlobalSection
	GlobalSection(SolutionProperties) = preSolution
		HideSolutionNode = FALSE
	EndGlobalSection
	GlobalSection(ExtensibilityGlobals) = postSolution
		SolutionGuid = {1DDB787C-B4C8-41E0-91C3-FE58FA0D87BF}
	EndGlobalSection
EndGlobal
